// !$*UTF8*$!
{
	archiveVersion = 1;
	classes = {
	};
	objectVersion = 56;
	objects = {

/* Begin PBXBuildFile section */
		7E0A6D012A887AD50004F25A /* SwiftyJSON in Frameworks */ = {isa = PBXBuildFile; productRef = 7E0A6D002A887AD50004F25A /* SwiftyJSON */; };
		7E0A6D042A887AE00004F25A /* Alamofire in Frameworks */ = {isa = PBXBuildFile; productRef = 7E0A6D032A887AE00004F25A /* Alamofire */; };
		7E0A6D072A887AE80004F25A /* Kingfisher in Frameworks */ = {isa = PBXBuildFile; productRef = 7E0A6D062A887AE80004F25A /* Kingfisher */; };
		7E6527D32A887C6D004F466B /* TMDBManager.swift in Sources */ = {isa = PBXBuildFile; fileRef = 7E6527D22A887C6D004F466B /* TMDBManager.swift */; };
		7E6527D52A887C9F004F466B /* UIView+Extension.swift in Sources */ = {isa = PBXBuildFile; fileRef = 7E6527D42A887C9F004F466B /* UIView+Extension.swift */; };
		7E6527D72A887CD4004F466B /* URL+Extension.swift in Sources */ = {isa = PBXBuildFile; fileRef = 7E6527D62A887CD4004F466B /* URL+Extension.swift */; };
		7E6527D92A887CEB004F466B /* Movie.swift in Sources */ = {isa = PBXBuildFile; fileRef = 7E6527D82A887CEB004F466B /* Movie.swift */; };
		7E6527DB2A887D26004F466B /* TrendingViewController.swift in Sources */ = {isa = PBXBuildFile; fileRef = 7E6527DA2A887D26004F466B /* TrendingViewController.swift */; };
		7E6527DE2A887D3C004F466B /* TrendingTableViewCell.swift in Sources */ = {isa = PBXBuildFile; fileRef = 7E6527DC2A887D3C004F466B /* TrendingTableViewCell.swift */; };
		7E6527DF2A887D3C004F466B /* TrendingTableViewCell.xib in Resources */ = {isa = PBXBuildFile; fileRef = 7E6527DD2A887D3C004F466B /* TrendingTableViewCell.xib */; };
		7E6527E12A888DC2004F466B /* .gitignore in Resources */ = {isa = PBXBuildFile; fileRef = 7E6527E02A888DC2004F466B /* .gitignore */; };
		7E6527E32A888DEB004F466B /* APIKey.swift in Sources */ = {isa = PBXBuildFile; fileRef = 7E6527E22A888DEB004F466B /* APIKey.swift */; };
		7E6527E62A888F4D004F466B /* MovieDetail.storyboard in Resources */ = {isa = PBXBuildFile; fileRef = 7E6527E52A888F4D004F466B /* MovieDetail.storyboard */; };
		7E6527E92A889595004F466B /* DetailPosterTableViewCell.swift in Sources */ = {isa = PBXBuildFile; fileRef = 7E6527E72A889595004F466B /* DetailPosterTableViewCell.swift */; };
		7E6527EA2A889595004F466B /* DetailPosterTableViewCell.xib in Resources */ = {isa = PBXBuildFile; fileRef = 7E6527E82A889595004F466B /* DetailPosterTableViewCell.xib */; };
		7E6527ED2A8896DC004F466B /* ReusableViewProtocol.swift in Sources */ = {isa = PBXBuildFile; fileRef = 7E6527EC2A8896DC004F466B /* ReusableViewProtocol.swift */; };
		7E6527F02A88972A004F466B /* OverViewTableViewCell.swift in Sources */ = {isa = PBXBuildFile; fileRef = 7E6527EE2A88972A004F466B /* OverViewTableViewCell.swift */; };
		7E6527F12A88972A004F466B /* OverViewTableViewCell.xib in Resources */ = {isa = PBXBuildFile; fileRef = 7E6527EF2A88972A004F466B /* OverViewTableViewCell.xib */; };
		7E6527F42A889825004F466B /* CastTableViewCell.swift in Sources */ = {isa = PBXBuildFile; fileRef = 7E6527F22A889825004F466B /* CastTableViewCell.swift */; };
		7E6527F52A889825004F466B /* CastTableViewCell.xib in Resources */ = {isa = PBXBuildFile; fileRef = 7E6527F32A889825004F466B /* CastTableViewCell.xib */; };
		7E6527F72A889923004F466B /* MovieDetailViewController.swift in Sources */ = {isa = PBXBuildFile; fileRef = 7E6527F62A889923004F466B /* MovieDetailViewController.swift */; };
		7E6527F92A8899BB004F466B /* MovieDetailSection.swift in Sources */ = {isa = PBXBuildFile; fileRef = 7E6527F82A8899BB004F466B /* MovieDetailSection.swift */; };
		7E6528012A8A08BB004F466B /* Trending.swift in Sources */ = {isa = PBXBuildFile; fileRef = 7E6528002A8A08BB004F466B /* Trending.swift */; };
		7E6528032A8B2669004F466B /* MovieCredit.swift in Sources */ = {isa = PBXBuildFile; fileRef = 7E6528022A8B2669004F466B /* MovieCredit.swift */; };
		7E65281C2A8D1E7A004F466B /* TVShowViewController.swift in Sources */ = {isa = PBXBuildFile; fileRef = 7E65281B2A8D1E7A004F466B /* TVShowViewController.swift */; };
		7E65282C2A8DDA5F004F466B /* TVDetail.swift in Sources */ = {isa = PBXBuildFile; fileRef = 7E65282B2A8DDA5F004F466B /* TVDetail.swift */; };
		7E65282E2A8DDD13004F466B /* TVSeason.swift in Sources */ = {isa = PBXBuildFile; fileRef = 7E65282D2A8DDD13004F466B /* TVSeason.swift */; };
		7E6528352A8DEF51004F466B /* TVDetail.storyboard in Resources */ = {isa = PBXBuildFile; fileRef = 7E6528342A8DEF51004F466B /* TVDetail.storyboard */; };
		7E6528382A8DEF90004F466B /* TVDetailCollectionViewCell.swift in Sources */ = {isa = PBXBuildFile; fileRef = 7E6528362A8DEF90004F466B /* TVDetailCollectionViewCell.swift */; };
		7E6528392A8DEF90004F466B /* TVDetailCollectionViewCell.xib in Resources */ = {isa = PBXBuildFile; fileRef = 7E6528372A8DEF90004F466B /* TVDetailCollectionViewCell.xib */; };
		7E65283C2A8DEFA1004F466B /* TVDetailCollectionReusableView.swift in Sources */ = {isa = PBXBuildFile; fileRef = 7E65283A2A8DEFA1004F466B /* TVDetailCollectionReusableView.swift */; };
		7E65283D2A8DEFA1004F466B /* TVDetailCollectionReusableView.xib in Resources */ = {isa = PBXBuildFile; fileRef = 7E65283B2A8DEFA1004F466B /* TVDetailCollectionReusableView.xib */; };
		7E65283F2A8DFEC2004F466B /* TVDetailViewController.swift in Sources */ = {isa = PBXBuildFile; fileRef = 7E65283E2A8DFEC2004F466B /* TVDetailViewController.swift */; };
		7E6528522A8FA7C6004F466B /* CastCollectionViewCell.swift in Sources */ = {isa = PBXBuildFile; fileRef = 7E6528502A8FA7C6004F466B /* CastCollectionViewCell.swift */; };
		7E6528532A8FA7C6004F466B /* CastCollectionViewCell.xib in Resources */ = {isa = PBXBuildFile; fileRef = 7E6528512A8FA7C6004F466B /* CastCollectionViewCell.xib */; };
		7E65285A2A8FB2CA004F466B /* VideoCollectionViewCell.swift in Sources */ = {isa = PBXBuildFile; fileRef = 7E6528582A8FB2CA004F466B /* VideoCollectionViewCell.swift */; };
		7E65285B2A8FB2CA004F466B /* VideoCollectionViewCell.xib in Resources */ = {isa = PBXBuildFile; fileRef = 7E6528592A8FB2CA004F466B /* VideoCollectionViewCell.xib */; };
		7E65285E2A8FB2ED004F466B /* SimilarCollectionViewCell.swift in Sources */ = {isa = PBXBuildFile; fileRef = 7E65285C2A8FB2ED004F466B /* SimilarCollectionViewCell.swift */; };
		7E65285F2A8FB2ED004F466B /* SimilarCollectionViewCell.xib in Resources */ = {isa = PBXBuildFile; fileRef = 7E65285D2A8FB2ED004F466B /* SimilarCollectionViewCell.xib */; };
		7E6528622A8FB5F5004F466B /* VideoTableViewCell.swift in Sources */ = {isa = PBXBuildFile; fileRef = 7E6528602A8FB5F5004F466B /* VideoTableViewCell.swift */; };
		7E6528632A8FB5F5004F466B /* VideoTableViewCell.xib in Resources */ = {isa = PBXBuildFile; fileRef = 7E6528612A8FB5F5004F466B /* VideoTableViewCell.xib */; };
		7E6528662A8FB604004F466B /* SimilarTableViewCell.swift in Sources */ = {isa = PBXBuildFile; fileRef = 7E6528642A8FB604004F466B /* SimilarTableViewCell.swift */; };
		7E6528672A8FB604004F466B /* SimilarTableViewCell.xib in Resources */ = {isa = PBXBuildFile; fileRef = 7E6528652A8FB604004F466B /* SimilarTableViewCell.xib */; };
		7E6528692A8FBF2E004F466B /* SimilarMovies.swift in Sources */ = {isa = PBXBuildFile; fileRef = 7E6528682A8FBF2E004F466B /* SimilarMovies.swift */; };
		7E65286B2A9052B4004F466B /* MovieVideos.swift in Sources */ = {isa = PBXBuildFile; fileRef = 7E65286A2A9052B4004F466B /* MovieVideos.swift */; };
		7E6528A12A95D0DE004F466B /* TheaterMapViewController.swift in Sources */ = {isa = PBXBuildFile; fileRef = 7E6528A02A95D0DE004F466B /* TheaterMapViewController.swift */; };
		7EA0A8AF2A87BB8100CD10ED /* AppDelegate.swift in Sources */ = {isa = PBXBuildFile; fileRef = 7EA0A8AE2A87BB8100CD10ED /* AppDelegate.swift */; };
		7EA0A8B12A87BB8100CD10ED /* SceneDelegate.swift in Sources */ = {isa = PBXBuildFile; fileRef = 7EA0A8B02A87BB8100CD10ED /* SceneDelegate.swift */; };
		7EA0A8B32A87BB8100CD10ED /* ViewController.swift in Sources */ = {isa = PBXBuildFile; fileRef = 7EA0A8B22A87BB8100CD10ED /* ViewController.swift */; };
		7EA0A8B62A87BB8100CD10ED /* Main.storyboard in Resources */ = {isa = PBXBuildFile; fileRef = 7EA0A8B42A87BB8100CD10ED /* Main.storyboard */; };
		7EA0A8B82A87BB8200CD10ED /* Assets.xcassets in Resources */ = {isa = PBXBuildFile; fileRef = 7EA0A8B72A87BB8200CD10ED /* Assets.xcassets */; };
		7EA0A8BB2A87BB8200CD10ED /* LaunchScreen.storyboard in Resources */ = {isa = PBXBuildFile; fileRef = 7EA0A8B92A87BB8200CD10ED /* LaunchScreen.storyboard */; };
/* End PBXBuildFile section */

/* Begin PBXFileReference section */
		7E6527D22A887C6D004F466B /* TMDBManager.swift */ = {isa = PBXFileReference; lastKnownFileType = sourcecode.swift; path = TMDBManager.swift; sourceTree = "<group>"; };
		7E6527D42A887C9F004F466B /* UIView+Extension.swift */ = {isa = PBXFileReference; lastKnownFileType = sourcecode.swift; path = "UIView+Extension.swift"; sourceTree = "<group>"; };
		7E6527D62A887CD4004F466B /* URL+Extension.swift */ = {isa = PBXFileReference; lastKnownFileType = sourcecode.swift; path = "URL+Extension.swift"; sourceTree = "<group>"; };
		7E6527D82A887CEB004F466B /* Movie.swift */ = {isa = PBXFileReference; lastKnownFileType = sourcecode.swift; path = Movie.swift; sourceTree = "<group>"; };
		7E6527DA2A887D26004F466B /* TrendingViewController.swift */ = {isa = PBXFileReference; lastKnownFileType = sourcecode.swift; path = TrendingViewController.swift; sourceTree = "<group>"; };
		7E6527DC2A887D3C004F466B /* TrendingTableViewCell.swift */ = {isa = PBXFileReference; lastKnownFileType = sourcecode.swift; path = TrendingTableViewCell.swift; sourceTree = "<group>"; };
		7E6527DD2A887D3C004F466B /* TrendingTableViewCell.xib */ = {isa = PBXFileReference; lastKnownFileType = file.xib; path = TrendingTableViewCell.xib; sourceTree = "<group>"; };
		7E6527E02A888DC2004F466B /* .gitignore */ = {isa = PBXFileReference; lastKnownFileType = text; path = .gitignore; sourceTree = "<group>"; };
		7E6527E22A888DEB004F466B /* APIKey.swift */ = {isa = PBXFileReference; lastKnownFileType = sourcecode.swift; path = APIKey.swift; sourceTree = "<group>"; };
		7E6527E52A888F4D004F466B /* MovieDetail.storyboard */ = {isa = PBXFileReference; lastKnownFileType = file.storyboard; path = MovieDetail.storyboard; sourceTree = "<group>"; };
		7E6527E72A889595004F466B /* DetailPosterTableViewCell.swift */ = {isa = PBXFileReference; lastKnownFileType = sourcecode.swift; path = DetailPosterTableViewCell.swift; sourceTree = "<group>"; };
		7E6527E82A889595004F466B /* DetailPosterTableViewCell.xib */ = {isa = PBXFileReference; lastKnownFileType = file.xib; path = DetailPosterTableViewCell.xib; sourceTree = "<group>"; };
		7E6527EC2A8896DC004F466B /* ReusableViewProtocol.swift */ = {isa = PBXFileReference; lastKnownFileType = sourcecode.swift; path = ReusableViewProtocol.swift; sourceTree = "<group>"; };
		7E6527EE2A88972A004F466B /* OverViewTableViewCell.swift */ = {isa = PBXFileReference; lastKnownFileType = sourcecode.swift; path = OverViewTableViewCell.swift; sourceTree = "<group>"; };
		7E6527EF2A88972A004F466B /* OverViewTableViewCell.xib */ = {isa = PBXFileReference; lastKnownFileType = file.xib; path = OverViewTableViewCell.xib; sourceTree = "<group>"; };
		7E6527F22A889825004F466B /* CastTableViewCell.swift */ = {isa = PBXFileReference; lastKnownFileType = sourcecode.swift; path = CastTableViewCell.swift; sourceTree = "<group>"; };
		7E6527F32A889825004F466B /* CastTableViewCell.xib */ = {isa = PBXFileReference; lastKnownFileType = file.xib; path = CastTableViewCell.xib; sourceTree = "<group>"; };
		7E6527F62A889923004F466B /* MovieDetailViewController.swift */ = {isa = PBXFileReference; lastKnownFileType = sourcecode.swift; path = MovieDetailViewController.swift; sourceTree = "<group>"; };
		7E6527F82A8899BB004F466B /* MovieDetailSection.swift */ = {isa = PBXFileReference; lastKnownFileType = sourcecode.swift; path = MovieDetailSection.swift; sourceTree = "<group>"; };
		7E6528002A8A08BB004F466B /* Trending.swift */ = {isa = PBXFileReference; lastKnownFileType = sourcecode.swift; path = Trending.swift; sourceTree = "<group>"; };
		7E6528022A8B2669004F466B /* MovieCredit.swift */ = {isa = PBXFileReference; lastKnownFileType = sourcecode.swift; path = MovieCredit.swift; sourceTree = "<group>"; };
		7E65281B2A8D1E7A004F466B /* TVShowViewController.swift */ = {isa = PBXFileReference; lastKnownFileType = sourcecode.swift; path = TVShowViewController.swift; sourceTree = "<group>"; };
		7E65282B2A8DDA5F004F466B /* TVDetail.swift */ = {isa = PBXFileReference; lastKnownFileType = sourcecode.swift; path = TVDetail.swift; sourceTree = "<group>"; };
		7E65282D2A8DDD13004F466B /* TVSeason.swift */ = {isa = PBXFileReference; lastKnownFileType = sourcecode.swift; path = TVSeason.swift; sourceTree = "<group>"; };
		7E6528342A8DEF51004F466B /* TVDetail.storyboard */ = {isa = PBXFileReference; lastKnownFileType = file.storyboard; path = TVDetail.storyboard; sourceTree = "<group>"; };
		7E6528362A8DEF90004F466B /* TVDetailCollectionViewCell.swift */ = {isa = PBXFileReference; lastKnownFileType = sourcecode.swift; path = TVDetailCollectionViewCell.swift; sourceTree = "<group>"; };
		7E6528372A8DEF90004F466B /* TVDetailCollectionViewCell.xib */ = {isa = PBXFileReference; lastKnownFileType = file.xib; path = TVDetailCollectionViewCell.xib; sourceTree = "<group>"; };
		7E65283A2A8DEFA1004F466B /* TVDetailCollectionReusableView.swift */ = {isa = PBXFileReference; lastKnownFileType = sourcecode.swift; path = TVDetailCollectionReusableView.swift; sourceTree = "<group>"; };
		7E65283B2A8DEFA1004F466B /* TVDetailCollectionReusableView.xib */ = {isa = PBXFileReference; lastKnownFileType = file.xib; path = TVDetailCollectionReusableView.xib; sourceTree = "<group>"; };
		7E65283E2A8DFEC2004F466B /* TVDetailViewController.swift */ = {isa = PBXFileReference; lastKnownFileType = sourcecode.swift; path = TVDetailViewController.swift; sourceTree = "<group>"; };
		7E6528502A8FA7C6004F466B /* CastCollectionViewCell.swift */ = {isa = PBXFileReference; lastKnownFileType = sourcecode.swift; path = CastCollectionViewCell.swift; sourceTree = "<group>"; };
		7E6528512A8FA7C6004F466B /* CastCollectionViewCell.xib */ = {isa = PBXFileReference; lastKnownFileType = file.xib; path = CastCollectionViewCell.xib; sourceTree = "<group>"; };
		7E6528582A8FB2CA004F466B /* VideoCollectionViewCell.swift */ = {isa = PBXFileReference; lastKnownFileType = sourcecode.swift; path = VideoCollectionViewCell.swift; sourceTree = "<group>"; };
		7E6528592A8FB2CA004F466B /* VideoCollectionViewCell.xib */ = {isa = PBXFileReference; lastKnownFileType = file.xib; path = VideoCollectionViewCell.xib; sourceTree = "<group>"; };
		7E65285C2A8FB2ED004F466B /* SimilarCollectionViewCell.swift */ = {isa = PBXFileReference; lastKnownFileType = sourcecode.swift; path = SimilarCollectionViewCell.swift; sourceTree = "<group>"; };
		7E65285D2A8FB2ED004F466B /* SimilarCollectionViewCell.xib */ = {isa = PBXFileReference; lastKnownFileType = file.xib; path = SimilarCollectionViewCell.xib; sourceTree = "<group>"; };
		7E6528602A8FB5F5004F466B /* VideoTableViewCell.swift */ = {isa = PBXFileReference; lastKnownFileType = sourcecode.swift; path = VideoTableViewCell.swift; sourceTree = "<group>"; };
		7E6528612A8FB5F5004F466B /* VideoTableViewCell.xib */ = {isa = PBXFileReference; lastKnownFileType = file.xib; path = VideoTableViewCell.xib; sourceTree = "<group>"; };
		7E6528642A8FB604004F466B /* SimilarTableViewCell.swift */ = {isa = PBXFileReference; lastKnownFileType = sourcecode.swift; path = SimilarTableViewCell.swift; sourceTree = "<group>"; };
		7E6528652A8FB604004F466B /* SimilarTableViewCell.xib */ = {isa = PBXFileReference; lastKnownFileType = file.xib; path = SimilarTableViewCell.xib; sourceTree = "<group>"; };
		7E6528682A8FBF2E004F466B /* SimilarMovies.swift */ = {isa = PBXFileReference; lastKnownFileType = sourcecode.swift; path = SimilarMovies.swift; sourceTree = "<group>"; };
		7E65286A2A9052B4004F466B /* MovieVideos.swift */ = {isa = PBXFileReference; lastKnownFileType = sourcecode.swift; path = MovieVideos.swift; sourceTree = "<group>"; };
		7E6528A02A95D0DE004F466B /* TheaterMapViewController.swift */ = {isa = PBXFileReference; lastKnownFileType = sourcecode.swift; path = TheaterMapViewController.swift; sourceTree = "<group>"; };
		7EA0A8AB2A87BB8100CD10ED /* MediaProject.app */ = {isa = PBXFileReference; explicitFileType = wrapper.application; includeInIndex = 0; path = MediaProject.app; sourceTree = BUILT_PRODUCTS_DIR; };
		7EA0A8AE2A87BB8100CD10ED /* AppDelegate.swift */ = {isa = PBXFileReference; lastKnownFileType = sourcecode.swift; path = AppDelegate.swift; sourceTree = "<group>"; };
		7EA0A8B02A87BB8100CD10ED /* SceneDelegate.swift */ = {isa = PBXFileReference; lastKnownFileType = sourcecode.swift; path = SceneDelegate.swift; sourceTree = "<group>"; };
		7EA0A8B22A87BB8100CD10ED /* ViewController.swift */ = {isa = PBXFileReference; lastKnownFileType = sourcecode.swift; path = ViewController.swift; sourceTree = "<group>"; };
		7EA0A8B52A87BB8100CD10ED /* Base */ = {isa = PBXFileReference; lastKnownFileType = file.storyboard; name = Base; path = Base.lproj/Main.storyboard; sourceTree = "<group>"; };
		7EA0A8B72A87BB8200CD10ED /* Assets.xcassets */ = {isa = PBXFileReference; lastKnownFileType = folder.assetcatalog; path = Assets.xcassets; sourceTree = "<group>"; };
		7EA0A8BA2A87BB8200CD10ED /* Base */ = {isa = PBXFileReference; lastKnownFileType = file.storyboard; name = Base; path = Base.lproj/LaunchScreen.storyboard; sourceTree = "<group>"; };
		7EA0A8BC2A87BB8200CD10ED /* Info.plist */ = {isa = PBXFileReference; lastKnownFileType = text.plist.xml; path = Info.plist; sourceTree = "<group>"; };
/* End PBXFileReference section */

/* Begin PBXFrameworksBuildPhase section */
		7EA0A8A82A87BB8100CD10ED /* Frameworks */ = {
			isa = PBXFrameworksBuildPhase;
			buildActionMask = 2147483647;
			files = (
				7E0A6D072A887AE80004F25A /* Kingfisher in Frameworks */,
				7E0A6D012A887AD50004F25A /* SwiftyJSON in Frameworks */,
				7E0A6D042A887AE00004F25A /* Alamofire in Frameworks */,
			);
			runOnlyForDeploymentPostprocessing = 0;
		};
/* End PBXFrameworksBuildPhase section */

/* Begin PBXGroup section */
		7E6527CC2A887C1F004F466B /* Extension */ = {
			isa = PBXGroup;
			children = (
				7E6527D42A887C9F004F466B /* UIView+Extension.swift */,
				7E6527D62A887CD4004F466B /* URL+Extension.swift */,
			);
			path = Extension;
			sourceTree = "<group>";
		};
		7E6527CD2A887C25004F466B /* Model */ = {
			isa = PBXGroup;
			children = (
				7E6527D82A887CEB004F466B /* Movie.swift */,
				7E6527F82A8899BB004F466B /* MovieDetailSection.swift */,
				7E6528002A8A08BB004F466B /* Trending.swift */,
				7E6528022A8B2669004F466B /* MovieCredit.swift */,
				7E65282B2A8DDA5F004F466B /* TVDetail.swift */,
				7E65282D2A8DDD13004F466B /* TVSeason.swift */,
				7E6528682A8FBF2E004F466B /* SimilarMovies.swift */,
				7E65286A2A9052B4004F466B /* MovieVideos.swift */,
			);
			path = Model;
			sourceTree = "<group>";
		};
		7E6527CE2A887C2C004F466B /* Network */ = {
			isa = PBXGroup;
			children = (
				7E6527D22A887C6D004F466B /* TMDBManager.swift */,
				7E6527E22A888DEB004F466B /* APIKey.swift */,
			);
			path = Network;
			sourceTree = "<group>";
		};
		7E6527CF2A887C35004F466B /* Trending */ = {
			isa = PBXGroup;
			children = (
				7E6528A22A95D0E6004F466B /* TheaterMap */,
				7E6527DA2A887D26004F466B /* TrendingViewController.swift */,
				7E6527DC2A887D3C004F466B /* TrendingTableViewCell.swift */,
				7E6527DD2A887D3C004F466B /* TrendingTableViewCell.xib */,
			);
			path = Trending;
			sourceTree = "<group>";
		};
		7E6527E42A888F3D004F466B /* MovieDetail */ = {
			isa = PBXGroup;
			children = (
				7E6527E52A888F4D004F466B /* MovieDetail.storyboard */,
				7E6527F62A889923004F466B /* MovieDetailViewController.swift */,
				7E6528552A8FB257004F466B /* OverView */,
				7E6528542A8FB242004F466B /* Poster */,
				7E65284F2A8FA7A4004F466B /* Cast */,
				7E6528562A8FB26C004F466B /* Video */,
				7E6528572A8FB273004F466B /* Similar */,
			);
			path = MovieDetail;
			sourceTree = "<group>";
		};
		7E6527EB2A8896C9004F466B /* Protocol */ = {
			isa = PBXGroup;
			children = (
				7E6527EC2A8896DC004F466B /* ReusableViewProtocol.swift */,
			);
			path = Protocol;
			sourceTree = "<group>";
		};
		7E6528192A8D1E22004F466B /* TVShow */ = {
			isa = PBXGroup;
			children = (
				7E65281B2A8D1E7A004F466B /* TVShowViewController.swift */,
				7E65283E2A8DFEC2004F466B /* TVDetailViewController.swift */,
				7E6528342A8DEF51004F466B /* TVDetail.storyboard */,
				7E6528362A8DEF90004F466B /* TVDetailCollectionViewCell.swift */,
				7E6528372A8DEF90004F466B /* TVDetailCollectionViewCell.xib */,
				7E65283A2A8DEFA1004F466B /* TVDetailCollectionReusableView.swift */,
				7E65283B2A8DEFA1004F466B /* TVDetailCollectionReusableView.xib */,
			);
			path = TVShow;
			sourceTree = "<group>";
		};
		7E65281A2A8D1E38004F466B /* View */ = {
			isa = PBXGroup;
			children = (
				7EA0A8B42A87BB8100CD10ED /* Main.storyboard */,
				7E6527CF2A887C35004F466B /* Trending */,
				7E6527E42A888F3D004F466B /* MovieDetail */,
				7E6528192A8D1E22004F466B /* TVShow */,
			);
			path = View;
			sourceTree = "<group>";
		};
		7E65284F2A8FA7A4004F466B /* Cast */ = {
			isa = PBXGroup;
			children = (
				7E6527F22A889825004F466B /* CastTableViewCell.swift */,
				7E6527F32A889825004F466B /* CastTableViewCell.xib */,
				7E6528502A8FA7C6004F466B /* CastCollectionViewCell.swift */,
				7E6528512A8FA7C6004F466B /* CastCollectionViewCell.xib */,
			);
			path = Cast;
			sourceTree = "<group>";
		};
		7E6528542A8FB242004F466B /* Poster */ = {
			isa = PBXGroup;
			children = (
				7E6527E72A889595004F466B /* DetailPosterTableViewCell.swift */,
				7E6527E82A889595004F466B /* DetailPosterTableViewCell.xib */,
			);
			path = Poster;
			sourceTree = "<group>";
		};
		7E6528552A8FB257004F466B /* OverView */ = {
			isa = PBXGroup;
			children = (
				7E6527EE2A88972A004F466B /* OverViewTableViewCell.swift */,
				7E6527EF2A88972A004F466B /* OverViewTableViewCell.xib */,
			);
			path = OverView;
			sourceTree = "<group>";
		};
		7E6528562A8FB26C004F466B /* Video */ = {
			isa = PBXGroup;
			children = (
				7E6528582A8FB2CA004F466B /* VideoCollectionViewCell.swift */,
				7E6528592A8FB2CA004F466B /* VideoCollectionViewCell.xib */,
				7E6528602A8FB5F5004F466B /* VideoTableViewCell.swift */,
				7E6528612A8FB5F5004F466B /* VideoTableViewCell.xib */,
			);
			path = Video;
			sourceTree = "<group>";
		};
		7E6528572A8FB273004F466B /* Similar */ = {
			isa = PBXGroup;
			children = (
				7E65285C2A8FB2ED004F466B /* SimilarCollectionViewCell.swift */,
				7E65285D2A8FB2ED004F466B /* SimilarCollectionViewCell.xib */,
				7E6528642A8FB604004F466B /* SimilarTableViewCell.swift */,
				7E6528652A8FB604004F466B /* SimilarTableViewCell.xib */,
			);
			path = Similar;
			sourceTree = "<group>";
		};
		7E6528A22A95D0E6004F466B /* TheaterMap */ = {
			isa = PBXGroup;
			children = (
				7E6528A02A95D0DE004F466B /* TheaterMapViewController.swift */,
			);
			path = TheaterMap;
			sourceTree = "<group>";
		};
		7EA0A8A22A87BB8100CD10ED = {
			isa = PBXGroup;
			children = (
				7EA0A8AD2A87BB8100CD10ED /* MediaProject */,
				7EA0A8AC2A87BB8100CD10ED /* Products */,
			);
			sourceTree = "<group>";
		};
		7EA0A8AC2A87BB8100CD10ED /* Products */ = {
			isa = PBXGroup;
			children = (
				7EA0A8AB2A87BB8100CD10ED /* MediaProject.app */,
			);
			name = Products;
			sourceTree = "<group>";
		};
		7EA0A8AD2A87BB8100CD10ED /* MediaProject */ = {
			isa = PBXGroup;
			children = (
				7E6527EB2A8896C9004F466B /* Protocol */,
				7E6527CE2A887C2C004F466B /* Network */,
				7E6527CC2A887C1F004F466B /* Extension */,
				7E6527CD2A887C25004F466B /* Model */,
				7E65281A2A8D1E38004F466B /* View */,
				7EA0A8AE2A87BB8100CD10ED /* AppDelegate.swift */,
				7EA0A8B02A87BB8100CD10ED /* SceneDelegate.swift */,
				7EA0A8B22A87BB8100CD10ED /* ViewController.swift */,
				7EA0A8B72A87BB8200CD10ED /* Assets.xcassets */,
				7EA0A8B92A87BB8200CD10ED /* LaunchScreen.storyboard */,
				7EA0A8BC2A87BB8200CD10ED /* Info.plist */,
				7E6527E02A888DC2004F466B /* .gitignore */,
			);
			path = MediaProject;
			sourceTree = "<group>";
		};
/* End PBXGroup section */

/* Begin PBXNativeTarget section */
		7EA0A8AA2A87BB8100CD10ED /* MediaProject */ = {
			isa = PBXNativeTarget;
			buildConfigurationList = 7EA0A8BF2A87BB8200CD10ED /* Build configuration list for PBXNativeTarget "MediaProject" */;
			buildPhases = (
				7EA0A8A72A87BB8100CD10ED /* Sources */,
				7EA0A8A82A87BB8100CD10ED /* Frameworks */,
				7EA0A8A92A87BB8100CD10ED /* Resources */,
			);
			buildRules = (
			);
			dependencies = (
			);
			name = MediaProject;
			packageProductDependencies = (
				7E0A6D002A887AD50004F25A /* SwiftyJSON */,
				7E0A6D032A887AE00004F25A /* Alamofire */,
				7E0A6D062A887AE80004F25A /* Kingfisher */,
			);
			productName = MediaProject;
			productReference = 7EA0A8AB2A87BB8100CD10ED /* MediaProject.app */;
			productType = "com.apple.product-type.application";
		};
/* End PBXNativeTarget section */

/* Begin PBXProject section */
		7EA0A8A32A87BB8100CD10ED /* Project object */ = {
			isa = PBXProject;
			attributes = {
				BuildIndependentTargetsInParallel = 1;
				LastSwiftUpdateCheck = 1430;
				LastUpgradeCheck = 1430;
				TargetAttributes = {
					7EA0A8AA2A87BB8100CD10ED = {
						CreatedOnToolsVersion = 14.3.1;
					};
				};
			};
			buildConfigurationList = 7EA0A8A62A87BB8100CD10ED /* Build configuration list for PBXProject "MediaProject" */;
			compatibilityVersion = "Xcode 14.0";
			developmentRegion = en;
			hasScannedForEncodings = 0;
			knownRegions = (
				en,
				Base,
			);
			mainGroup = 7EA0A8A22A87BB8100CD10ED;
			packageReferences = (
				7E0A6CFF2A887AD50004F25A /* XCRemoteSwiftPackageReference "SwiftyJSON" */,
				7E0A6D022A887AE00004F25A /* XCRemoteSwiftPackageReference "Alamofire" */,
				7E0A6D052A887AE80004F25A /* XCRemoteSwiftPackageReference "Kingfisher" */,
			);
			productRefGroup = 7EA0A8AC2A87BB8100CD10ED /* Products */;
			projectDirPath = "";
			projectRoot = "";
			targets = (
				7EA0A8AA2A87BB8100CD10ED /* MediaProject */,
			);
		};
/* End PBXProject section */

/* Begin PBXResourcesBuildPhase section */
		7EA0A8A92A87BB8100CD10ED /* Resources */ = {
			isa = PBXResourcesBuildPhase;
			buildActionMask = 2147483647;
			files = (
				7E6528672A8FB604004F466B /* SimilarTableViewCell.xib in Resources */,
				7E6527E62A888F4D004F466B /* MovieDetail.storyboard in Resources */,
				7E6528632A8FB5F5004F466B /* VideoTableViewCell.xib in Resources */,
				7E6527EA2A889595004F466B /* DetailPosterTableViewCell.xib in Resources */,
				7E65283D2A8DEFA1004F466B /* TVDetailCollectionReusableView.xib in Resources */,
				7E6528532A8FA7C6004F466B /* CastCollectionViewCell.xib in Resources */,
				7E65285B2A8FB2CA004F466B /* VideoCollectionViewCell.xib in Resources */,
				7E65285F2A8FB2ED004F466B /* SimilarCollectionViewCell.xib in Resources */,
				7E6528352A8DEF51004F466B /* TVDetail.storyboard in Resources */,
				7E6528392A8DEF90004F466B /* TVDetailCollectionViewCell.xib in Resources */,
				7E6527F52A889825004F466B /* CastTableViewCell.xib in Resources */,
				7E6527E12A888DC2004F466B /* .gitignore in Resources */,
				7E6527DF2A887D3C004F466B /* TrendingTableViewCell.xib in Resources */,
				7E6527F12A88972A004F466B /* OverViewTableViewCell.xib in Resources */,
				7EA0A8BB2A87BB8200CD10ED /* LaunchScreen.storyboard in Resources */,
				7EA0A8B82A87BB8200CD10ED /* Assets.xcassets in Resources */,
				7EA0A8B62A87BB8100CD10ED /* Main.storyboard in Resources */,
			);
			runOnlyForDeploymentPostprocessing = 0;
		};
/* End PBXResourcesBuildPhase section */

/* Begin PBXSourcesBuildPhase section */
		7EA0A8A72A87BB8100CD10ED /* Sources */ = {
			isa = PBXSourcesBuildPhase;
			buildActionMask = 2147483647;
			files = (
				7E6527F02A88972A004F466B /* OverViewTableViewCell.swift in Sources */,
				7E65286B2A9052B4004F466B /* MovieVideos.swift in Sources */,
				7E6527DE2A887D3C004F466B /* TrendingTableViewCell.swift in Sources */,
				7E6528A12A95D0DE004F466B /* TheaterMapViewController.swift in Sources */,
				7E65285A2A8FB2CA004F466B /* VideoCollectionViewCell.swift in Sources */,
				7E65283C2A8DEFA1004F466B /* TVDetailCollectionReusableView.swift in Sources */,
				7E65282C2A8DDA5F004F466B /* TVDetail.swift in Sources */,
				7E6527D52A887C9F004F466B /* UIView+Extension.swift in Sources */,
				7E6528662A8FB604004F466B /* SimilarTableViewCell.swift in Sources */,
				7E6528012A8A08BB004F466B /* Trending.swift in Sources */,
				7E65285E2A8FB2ED004F466B /* SimilarCollectionViewCell.swift in Sources */,
				7E65282E2A8DDD13004F466B /* TVSeason.swift in Sources */,
				7E6528622A8FB5F5004F466B /* VideoTableViewCell.swift in Sources */,
				7E6528382A8DEF90004F466B /* TVDetailCollectionViewCell.swift in Sources */,
				7E6528692A8FBF2E004F466B /* SimilarMovies.swift in Sources */,
				7EA0A8B32A87BB8100CD10ED /* ViewController.swift in Sources */,
				7EA0A8AF2A87BB8100CD10ED /* AppDelegate.swift in Sources */,
				7E6527D32A887C6D004F466B /* TMDBManager.swift in Sources */,
				7E6527E92A889595004F466B /* DetailPosterTableViewCell.swift in Sources */,
				7E6527E32A888DEB004F466B /* APIKey.swift in Sources */,
				7E6527D72A887CD4004F466B /* URL+Extension.swift in Sources */,
				7E6527D92A887CEB004F466B /* Movie.swift in Sources */,
				7E6528032A8B2669004F466B /* MovieCredit.swift in Sources */,
				7E6527F42A889825004F466B /* CastTableViewCell.swift in Sources */,
				7E6528522A8FA7C6004F466B /* CastCollectionViewCell.swift in Sources */,
				7E6527F72A889923004F466B /* MovieDetailViewController.swift in Sources */,
				7E65281C2A8D1E7A004F466B /* TVShowViewController.swift in Sources */,
				7E65283F2A8DFEC2004F466B /* TVDetailViewController.swift in Sources */,
				7E6527F92A8899BB004F466B /* MovieDetailSection.swift in Sources */,
				7EA0A8B12A87BB8100CD10ED /* SceneDelegate.swift in Sources */,
				7E6527DB2A887D26004F466B /* TrendingViewController.swift in Sources */,
				7E6527ED2A8896DC004F466B /* ReusableViewProtocol.swift in Sources */,
			);
			runOnlyForDeploymentPostprocessing = 0;
		};
/* End PBXSourcesBuildPhase section */

/* Begin PBXVariantGroup section */
		7EA0A8B42A87BB8100CD10ED /* Main.storyboard */ = {
			isa = PBXVariantGroup;
			children = (
				7EA0A8B52A87BB8100CD10ED /* Base */,
			);
			name = Main.storyboard;
			sourceTree = "<group>";
		};
		7EA0A8B92A87BB8200CD10ED /* LaunchScreen.storyboard */ = {
			isa = PBXVariantGroup;
			children = (
				7EA0A8BA2A87BB8200CD10ED /* Base */,
			);
			name = LaunchScreen.storyboard;
			sourceTree = "<group>";
		};
/* End PBXVariantGroup section */

/* Begin XCBuildConfiguration section */
		7EA0A8BD2A87BB8200CD10ED /* Debug */ = {
			isa = XCBuildConfiguration;
			buildSettings = {
				ALWAYS_SEARCH_USER_PATHS = NO;
				CLANG_ANALYZER_NONNULL = YES;
				CLANG_ANALYZER_NUMBER_OBJECT_CONVERSION = YES_AGGRESSIVE;
				CLANG_CXX_LANGUAGE_STANDARD = "gnu++20";
				CLANG_ENABLE_MODULES = YES;
				CLANG_ENABLE_OBJC_ARC = YES;
				CLANG_ENABLE_OBJC_WEAK = YES;
				CLANG_WARN_BLOCK_CAPTURE_AUTORELEASING = YES;
				CLANG_WARN_BOOL_CONVERSION = YES;
				CLANG_WARN_COMMA = YES;
				CLANG_WARN_CONSTANT_CONVERSION = YES;
				CLANG_WARN_DEPRECATED_OBJC_IMPLEMENTATIONS = YES;
				CLANG_WARN_DIRECT_OBJC_ISA_USAGE = YES_ERROR;
				CLANG_WARN_DOCUMENTATION_COMMENTS = YES;
				CLANG_WARN_EMPTY_BODY = YES;
				CLANG_WARN_ENUM_CONVERSION = YES;
				CLANG_WARN_INFINITE_RECURSION = YES;
				CLANG_WARN_INT_CONVERSION = YES;
				CLANG_WARN_NON_LITERAL_NULL_CONVERSION = YES;
				CLANG_WARN_OBJC_IMPLICIT_RETAIN_SELF = YES;
				CLANG_WARN_OBJC_LITERAL_CONVERSION = YES;
				CLANG_WARN_OBJC_ROOT_CLASS = YES_ERROR;
				CLANG_WARN_QUOTED_INCLUDE_IN_FRAMEWORK_HEADER = YES;
				CLANG_WARN_RANGE_LOOP_ANALYSIS = YES;
				CLANG_WARN_STRICT_PROTOTYPES = YES;
				CLANG_WARN_SUSPICIOUS_MOVE = YES;
				CLANG_WARN_UNGUARDED_AVAILABILITY = YES_AGGRESSIVE;
				CLANG_WARN_UNREACHABLE_CODE = YES;
				CLANG_WARN__DUPLICATE_METHOD_MATCH = YES;
				COPY_PHASE_STRIP = NO;
				DEBUG_INFORMATION_FORMAT = dwarf;
				ENABLE_STRICT_OBJC_MSGSEND = YES;
				ENABLE_TESTABILITY = YES;
				GCC_C_LANGUAGE_STANDARD = gnu11;
				GCC_DYNAMIC_NO_PIC = NO;
				GCC_NO_COMMON_BLOCKS = YES;
				GCC_OPTIMIZATION_LEVEL = 0;
				GCC_PREPROCESSOR_DEFINITIONS = (
					"DEBUG=1",
					"$(inherited)",
				);
				GCC_WARN_64_TO_32_BIT_CONVERSION = YES;
				GCC_WARN_ABOUT_RETURN_TYPE = YES_ERROR;
				GCC_WARN_UNDECLARED_SELECTOR = YES;
				GCC_WARN_UNINITIALIZED_AUTOS = YES_AGGRESSIVE;
				GCC_WARN_UNUSED_FUNCTION = YES;
				GCC_WARN_UNUSED_VARIABLE = YES;
				IPHONEOS_DEPLOYMENT_TARGET = 16.4;
				MTL_ENABLE_DEBUG_INFO = INCLUDE_SOURCE;
				MTL_FAST_MATH = YES;
				ONLY_ACTIVE_ARCH = YES;
				SDKROOT = iphoneos;
				SWIFT_ACTIVE_COMPILATION_CONDITIONS = DEBUG;
				SWIFT_OPTIMIZATION_LEVEL = "-Onone";
			};
			name = Debug;
		};
		7EA0A8BE2A87BB8200CD10ED /* Release */ = {
			isa = XCBuildConfiguration;
			buildSettings = {
				ALWAYS_SEARCH_USER_PATHS = NO;
				CLANG_ANALYZER_NONNULL = YES;
				CLANG_ANALYZER_NUMBER_OBJECT_CONVERSION = YES_AGGRESSIVE;
				CLANG_CXX_LANGUAGE_STANDARD = "gnu++20";
				CLANG_ENABLE_MODULES = YES;
				CLANG_ENABLE_OBJC_ARC = YES;
				CLANG_ENABLE_OBJC_WEAK = YES;
				CLANG_WARN_BLOCK_CAPTURE_AUTORELEASING = YES;
				CLANG_WARN_BOOL_CONVERSION = YES;
				CLANG_WARN_COMMA = YES;
				CLANG_WARN_CONSTANT_CONVERSION = YES;
				CLANG_WARN_DEPRECATED_OBJC_IMPLEMENTATIONS = YES;
				CLANG_WARN_DIRECT_OBJC_ISA_USAGE = YES_ERROR;
				CLANG_WARN_DOCUMENTATION_COMMENTS = YES;
				CLANG_WARN_EMPTY_BODY = YES;
				CLANG_WARN_ENUM_CONVERSION = YES;
				CLANG_WARN_INFINITE_RECURSION = YES;
				CLANG_WARN_INT_CONVERSION = YES;
				CLANG_WARN_NON_LITERAL_NULL_CONVERSION = YES;
				CLANG_WARN_OBJC_IMPLICIT_RETAIN_SELF = YES;
				CLANG_WARN_OBJC_LITERAL_CONVERSION = YES;
				CLANG_WARN_OBJC_ROOT_CLASS = YES_ERROR;
				CLANG_WARN_QUOTED_INCLUDE_IN_FRAMEWORK_HEADER = YES;
				CLANG_WARN_RANGE_LOOP_ANALYSIS = YES;
				CLANG_WARN_STRICT_PROTOTYPES = YES;
				CLANG_WARN_SUSPICIOUS_MOVE = YES;
				CLANG_WARN_UNGUARDED_AVAILABILITY = YES_AGGRESSIVE;
				CLANG_WARN_UNREACHABLE_CODE = YES;
				CLANG_WARN__DUPLICATE_METHOD_MATCH = YES;
				COPY_PHASE_STRIP = NO;
				DEBUG_INFORMATION_FORMAT = "dwarf-with-dsym";
				ENABLE_NS_ASSERTIONS = NO;
				ENABLE_STRICT_OBJC_MSGSEND = YES;
				GCC_C_LANGUAGE_STANDARD = gnu11;
				GCC_NO_COMMON_BLOCKS = YES;
				GCC_WARN_64_TO_32_BIT_CONVERSION = YES;
				GCC_WARN_ABOUT_RETURN_TYPE = YES_ERROR;
				GCC_WARN_UNDECLARED_SELECTOR = YES;
				GCC_WARN_UNINITIALIZED_AUTOS = YES_AGGRESSIVE;
				GCC_WARN_UNUSED_FUNCTION = YES;
				GCC_WARN_UNUSED_VARIABLE = YES;
				IPHONEOS_DEPLOYMENT_TARGET = 16.4;
				MTL_ENABLE_DEBUG_INFO = NO;
				MTL_FAST_MATH = YES;
				SDKROOT = iphoneos;
				SWIFT_COMPILATION_MODE = wholemodule;
				SWIFT_OPTIMIZATION_LEVEL = "-O";
				VALIDATE_PRODUCT = YES;
			};
			name = Release;
		};
		7EA0A8C02A87BB8200CD10ED /* Debug */ = {
			isa = XCBuildConfiguration;
			buildSettings = {
				ASSETCATALOG_COMPILER_APPICON_NAME = AppIcon;
				ASSETCATALOG_COMPILER_GLOBAL_ACCENT_COLOR_NAME = AccentColor;
				CODE_SIGN_STYLE = Automatic;
				CURRENT_PROJECT_VERSION = 1;
				DEVELOPMENT_TEAM = 44Q9HUN6LA;
				GENERATE_INFOPLIST_FILE = YES;
				INFOPLIST_FILE = MediaProject/Info.plist;
				INFOPLIST_KEY_UIApplicationSupportsIndirectInputEvents = YES;
				INFOPLIST_KEY_UILaunchStoryboardName = LaunchScreen;
				INFOPLIST_KEY_UIMainStoryboardFile = Main;
				INFOPLIST_KEY_UISupportedInterfaceOrientations = UIInterfaceOrientationPortrait;
				INFOPLIST_KEY_UISupportedInterfaceOrientations_iPad = "UIInterfaceOrientationLandscapeLeft UIInterfaceOrientationLandscapeRight UIInterfaceOrientationPortrait UIInterfaceOrientationPortraitUpsideDown";
				IPHONEOS_DEPLOYMENT_TARGET = 15.0;
				LD_RUNPATH_SEARCH_PATHS = (
					"$(inherited)",
					"@executable_path/Frameworks",
				);
				MARKETING_VERSION = 1.0;
				PRODUCT_BUNDLE_IDENTIFIER = com.sesacRain.MediaProject;
				PRODUCT_NAME = "$(TARGET_NAME)";
				SUPPORTED_PLATFORMS = "iphoneos iphonesimulator";
				SUPPORTS_MACCATALYST = NO;
				SUPPORTS_MAC_DESIGNED_FOR_IPHONE_IPAD = NO;
				SWIFT_EMIT_LOC_STRINGS = YES;
				SWIFT_VERSION = 5.0;
				TARGETED_DEVICE_FAMILY = 1;
			};
			name = Debug;
		};
		7EA0A8C12A87BB8200CD10ED /* Release */ = {
			isa = XCBuildConfiguration;
			buildSettings = {
				ASSETCATALOG_COMPILER_APPICON_NAME = AppIcon;
				ASSETCATALOG_COMPILER_GLOBAL_ACCENT_COLOR_NAME = AccentColor;
				CODE_SIGN_STYLE = Automatic;
				CURRENT_PROJECT_VERSION = 1;
				DEVELOPMENT_TEAM = 44Q9HUN6LA;
				GENERATE_INFOPLIST_FILE = YES;
				INFOPLIST_FILE = MediaProject/Info.plist;
				INFOPLIST_KEY_UIApplicationSupportsIndirectInputEvents = YES;
				INFOPLIST_KEY_UILaunchStoryboardName = LaunchScreen;
				INFOPLIST_KEY_UIMainStoryboardFile = Main;
				INFOPLIST_KEY_UISupportedInterfaceOrientations = UIInterfaceOrientationPortrait;
				INFOPLIST_KEY_UISupportedInterfaceOrientations_iPad = "UIInterfaceOrientationLandscapeLeft UIInterfaceOrientationLandscapeRight UIInterfaceOrientationPortrait UIInterfaceOrientationPortraitUpsideDown";
				IPHONEOS_DEPLOYMENT_TARGET = 15.0;
				LD_RUNPATH_SEARCH_PATHS = (
					"$(inherited)",
					"@executable_path/Frameworks",
				);
				MARKETING_VERSION = 1.0;
				PRODUCT_BUNDLE_IDENTIFIER = com.sesacRain.MediaProject;
				PRODUCT_NAME = "$(TARGET_NAME)";
				SUPPORTED_PLATFORMS = "iphoneos iphonesimulator";
				SUPPORTS_MACCATALYST = NO;
				SUPPORTS_MAC_DESIGNED_FOR_IPHONE_IPAD = NO;
				SWIFT_EMIT_LOC_STRINGS = YES;
				SWIFT_VERSION = 5.0;
				TARGETED_DEVICE_FAMILY = 1;
			};
			name = Release;
		};
/* End XCBuildConfiguration section */

/* Begin XCConfigurationList section */
		7EA0A8A62A87BB8100CD10ED /* Build configuration list for PBXProject "MediaProject" */ = {
			isa = XCConfigurationList;
			buildConfigurations = (
				7EA0A8BD2A87BB8200CD10ED /* Debug */,
				7EA0A8BE2A87BB8200CD10ED /* Release */,
			);
			defaultConfigurationIsVisible = 0;
			defaultConfigurationName = Release;
		};
		7EA0A8BF2A87BB8200CD10ED /* Build configuration list for PBXNativeTarget "MediaProject" */ = {
			isa = XCConfigurationList;
			buildConfigurations = (
				7EA0A8C02A87BB8200CD10ED /* Debug */,
				7EA0A8C12A87BB8200CD10ED /* Release */,
			);
			defaultConfigurationIsVisible = 0;
			defaultConfigurationName = Release;
		};
/* End XCConfigurationList section */

/* Begin XCRemoteSwiftPackageReference section */
		7E0A6CFF2A887AD50004F25A /* XCRemoteSwiftPackageReference "SwiftyJSON" */ = {
			isa = XCRemoteSwiftPackageReference;
			repositoryURL = "https://github.com/SwiftyJSON/SwiftyJSON.git";
			requirement = {
				kind = upToNextMajorVersion;
				minimumVersion = 5.0.0;
			};
		};
		7E0A6D022A887AE00004F25A /* XCRemoteSwiftPackageReference "Alamofire" */ = {
			isa = XCRemoteSwiftPackageReference;
			repositoryURL = "https://github.com/Alamofire/Alamofire.git";
			requirement = {
				kind = upToNextMajorVersion;
				minimumVersion = 5.0.0;
			};
		};
		7E0A6D052A887AE80004F25A /* XCRemoteSwiftPackageReference "Kingfisher" */ = {
			isa = XCRemoteSwiftPackageReference;
			repositoryURL = "https://github.com/onevcat/Kingfisher.git";
			requirement = {
				kind = upToNextMajorVersion;
				minimumVersion = 7.0.0;
			};
		};
/* End XCRemoteSwiftPackageReference section */

/* Begin XCSwiftPackageProductDependency section */
		7E0A6D002A887AD50004F25A /* SwiftyJSON */ = {
			isa = XCSwiftPackageProductDependency;
			package = 7E0A6CFF2A887AD50004F25A /* XCRemoteSwiftPackageReference "SwiftyJSON" */;
			productName = SwiftyJSON;
		};
		7E0A6D032A887AE00004F25A /* Alamofire */ = {
			isa = XCSwiftPackageProductDependency;
			package = 7E0A6D022A887AE00004F25A /* XCRemoteSwiftPackageReference "Alamofire" */;
			productName = Alamofire;
		};
		7E0A6D062A887AE80004F25A /* Kingfisher */ = {
			isa = XCSwiftPackageProductDependency;
			package = 7E0A6D052A887AE80004F25A /* XCRemoteSwiftPackageReference "Kingfisher" */;
			productName = Kingfisher;
		};
/* End XCSwiftPackageProductDependency section */
	};
	rootObject = 7EA0A8A32A87BB8100CD10ED /* Project object */;
}
